
Microsoft Visual Studio Solution File, Format Version 12.00
# Visual Studio Version 17
VisualStudioVersion = 17.11.35303.130
MinimumVisualStudioVersion = 10.0.40219.1
Project("{FAE04EC0-301F-11D3-BF4B-00C04F79EFBC}") = "eCommerce", "eCommerce\eCommerce.csproj", "{98B83FAE-FEC3-471C-92C1-AE14B2152F8F}"
EndProject
Global
	GlobalSection(SolutionConfigurationPlatforms) = preSolution
		Debug|Any CPU = Debug|Any CPU
		Release|Any CPU = Release|Any CPU
	EndGlobalSection
	GlobalSection(ProjectConfigurationPlatforms) = postSolution
		{98B83FAE-FEC3-471C-92C1-AE14B2152F8F}.Debug|Any CPU.ActiveCfg = Debug|Any CPU
		{98B83FAE-FEC3-471C-92C1-AE14B2152F8F}.Debug|Any CPU.Build.0 = Debug|Any CPU
		{98B83FAE-FEC3-471C-92C1-AE14B2152F8F}.Release|Any CPU.ActiveCfg = Release|Any CPU
		{98B83FAE-FEC3-471C-92C1-AE14B2152F8F}.Release|Any CPU.Build.0 = Release|Any CPU
	EndGlobalSection
	GlobalSection(SolutionProperties) = preSolution
		HideSolutionNode = FALSE
	EndGlobalSection
	GlobalSection(ExtensibilityGlobals) = postSolution
		SolutionGuid = {6E317DC9-B1DB-4928-A191-E2671F2AD7D6}
	EndGlobalSection
EndGlobal
